PODS:
  - AppCenter/Analytics (4.3.0):
    - AppCenter/Core
  - AppCenter/Core (4.3.0)
  - AppCenter/Crashes (4.3.0):
    - AppCenter/Core
  - AsyncGL (0.0.12)
  - MWRequest (0.2.4)

DEPENDENCIES:
  - AppCenter/Analytics (~> 4.3.0)
  - AppCenter/Crashes (~> 4.3.0)
  - AsyncGL (from `https://github.com/levinli303/AsyncGL.git`, tag `0.0.12`)
  - MWRequest (from `https://github.com/levinli303/mwrequest.git`, tag `0.2.4`)

SPEC REPOS:
  trunk:
    - AppCenter

EXTERNAL SOURCES:
  AsyncGL:
    :git: https://github.com/levinli303/AsyncGL.git
    :tag: 0.0.12
  MWRequest:
    :git: https://github.com/levinli303/mwrequest.git
    :tag: 0.2.4

CHECKOUT OPTIONS:
  AsyncGL:
    :git: https://github.com/levinli303/AsyncGL.git
    :tag: 0.0.12
  MWRequest:
    :git: https://github.com/levinli303/mwrequest.git
    :tag: 0.2.4

SPEC CHECKSUMS:
  AppCenter: 883369ab78427b0561c688158d689dfe1f993ea9
  AsyncGL: 7abe017def29cafbfa1951216164c8168b97c050
  MWRequest: 8cbe368d811864da8c7398aa5007be520e685274

PODFILE CHECKSUM: e73989e874ad0a5fbd7da506d2fbd6fc0dece6f9

COCOAPODS: 1.11.2
