PODS:
  - AppCenter/Analytics (4.3.0):
    - AppCenter/Core
  - AppCenter/Core (4.3.0)
  - AppCenter/Crashes (4.3.0):
    - AppCenter/Core
  - AsyncGL (0.0.4)
  - MWRequest (0.2.4)

DEPENDENCIES:
  - AppCenter/Analytics (~> 4.3.0)
  - AppCenter/Crashes (~> 4.3.0)
  - AsyncGL (from `https://github.com/levinli303/AsyncGL.git`, tag `0.0.4`)
  - MWRequest (from `https://github.com/levinli303/mwrequest.git`, tag `0.2.4`)

SPEC REPOS:
  trunk:
    - AppCenter

EXTERNAL SOURCES:
  AsyncGL:
    :git: https://github.com/levinli303/AsyncGL.git
    :tag: 0.0.4
  MWRequest:
    :git: https://github.com/levinli303/mwrequest.git
    :tag: 0.2.4

CHECKOUT OPTIONS:
  AsyncGL:
    :git: https://github.com/levinli303/AsyncGL.git
    :tag: 0.0.4
  MWRequest:
    :git: https://github.com/levinli303/mwrequest.git
    :tag: 0.2.4

SPEC CHECKSUMS:
  AppCenter: 883369ab78427b0561c688158d689dfe1f993ea9
  AsyncGL: aaa468d14456a1cee49e30da434f0456ff399fe7
  MWRequest: 8cbe368d811864da8c7398aa5007be520e685274

PODFILE CHECKSUM: 81eafc56ae1c0c789d3057ab832a5a62261735a6

COCOAPODS: 1.11.2
