// !$*UTF8*$!
{
	archiveVersion = 1;
	classes = {
	};
	objectVersion = 50;
	objects = {

/* Begin PBXBuildFile section */
		970DCE3D22FE8B550044F590 /* NSOpenGLView+AASample.m in Sources */ = {isa = PBXBuildFile; fileRef = 970DCE3C22FE8B550044F590 /* NSOpenGLView+AASample.m */; };
		971A67462301A367009E4EA1 /* libc++.tbd in Frameworks */ = {isa = PBXBuildFile; fileRef = 97F251A722FDB86E00067B06 /* libc++.tbd */; };
		971A67472301A36C009E4EA1 /* libiconv.tbd in Frameworks */ = {isa = PBXBuildFile; fileRef = 97F251BA22FDB9AD00067B06 /* libiconv.tbd */; };
		971A67482301A370009E4EA1 /* libz.tbd in Frameworks */ = {isa = PBXBuildFile; fileRef = 97F251BC22FDB9BB00067B06 /* libz.tbd */; };
		971A674A2301A376009E4EA1 /* OpenGL.framework in Frameworks */ = {isa = PBXBuildFile; fileRef = 971A67492301A376009E4EA1 /* OpenGL.framework */; };
		971A67502301A9D3009E4EA1 /* ScriptController.swift in Sources */ = {isa = PBXBuildFile; fileRef = 971A674F2301A9D3009E4EA1 /* ScriptController.swift */; };
		972F39E022FEAD1D00CEDDAC /* BrowserViewController.swift in Sources */ = {isa = PBXBuildFile; fileRef = 972F39DF22FEAD1D00CEDDAC /* BrowserViewController.swift */; };
		972F3A1222FEF65300CEDDAC /* EclipseFinderViewController.swift in Sources */ = {isa = PBXBuildFile; fileRef = 972F3A1122FEF65300CEDDAC /* EclipseFinderViewController.swift */; };
		972F3A2222FF96F000CEDDAC /* SettingViewController.swift in Sources */ = {isa = PBXBuildFile; fileRef = 972F3A2122FF96F000CEDDAC /* SettingViewController.swift */; };
		972F3A3822FFC70C00CEDDAC /* GotoViewController.swift in Sources */ = {isa = PBXBuildFile; fileRef = 972F3A3622FFC70C00CEDDAC /* GotoViewController.swift */; };
		97458FE6232769F8009BFADF /* ConfigSelectionViewController.swift in Sources */ = {isa = PBXBuildFile; fileRef = 97458FE5232769F8009BFADF /* ConfigSelectionViewController.swift */; };
		97458FE923276B54009BFADF /* PathUtils.swift in Sources */ = {isa = PBXBuildFile; fileRef = 97458FE823276B54009BFADF /* PathUtils.swift */; };
		974D26F72302AD5600FDFBC0 /* BookmarkOrganizerViewController.swift in Sources */ = {isa = PBXBuildFile; fileRef = 974D26F62302AD5600FDFBC0 /* BookmarkOrganizerViewController.swift */; };
		974D26F92302AEAA00FDFBC0 /* BookmarkController.swift in Sources */ = {isa = PBXBuildFile; fileRef = 974D26F82302AEAA00FDFBC0 /* BookmarkController.swift */; };
		974D26FB2302B1DC00FDFBC0 /* BookmarkNode.swift in Sources */ = {isa = PBXBuildFile; fileRef = 974D26FA2302B1DC00FDFBC0 /* BookmarkNode.swift */; };
		974D27552303CEF000FDFBC0 /* InfoViewController.swift in Sources */ = {isa = PBXBuildFile; fileRef = 974D27532303CEF000FDFBC0 /* InfoViewController.swift */; };
		97916F402313F31D00925AF3 /* CelestiaViewDelegate.swift in Sources */ = {isa = PBXBuildFile; fileRef = 97916F3F2313F31D00925AF3 /* CelestiaViewDelegate.swift */; };
		97989DA423051BB9008FA466 /* Bookmark.storyboard in Resources */ = {isa = PBXBuildFile; fileRef = 97989DA623051BB9008FA466 /* Bookmark.storyboard */; };
		97989DA823051BBD008FA466 /* Accessory.storyboard in Resources */ = {isa = PBXBuildFile; fileRef = 97989DAA23051BBD008FA466 /* Accessory.storyboard */; };
		97989DAB23051BC2008FA466 /* StarBrowser.storyboard in Resources */ = {isa = PBXBuildFile; fileRef = 97989DAD23051BC2008FA466 /* StarBrowser.storyboard */; };
		97989DAE23051BCA008FA466 /* Setting.storyboard in Resources */ = {isa = PBXBuildFile; fileRef = 97989DB023051BCA008FA466 /* Setting.storyboard */; };
		97989DB123051BCE008FA466 /* EclipseFinder.storyboard in Resources */ = {isa = PBXBuildFile; fileRef = 97989DB323051BCE008FA466 /* EclipseFinder.storyboard */; };
		97989DDF23051F96008FA466 /* Localizable.strings in Resources */ = {isa = PBXBuildFile; fileRef = 97989DE123051F96008FA466 /* Localizable.strings */; };
		97989E1823057DC2008FA466 /* Credits.rtf in Resources */ = {isa = PBXBuildFile; fileRef = 97989E1A23057DC2008FA466 /* Credits.rtf */; };
		97DBBE5922FFDDC4003D1BAF /* SetTimeViewController.swift in Sources */ = {isa = PBXBuildFile; fileRef = 97DBBE5722FFDDC4003D1BAF /* SetTimeViewController.swift */; };
		97DBBE6122FFE779003D1BAF /* GLInfoViewController.swift in Sources */ = {isa = PBXBuildFile; fileRef = 97DBBE6022FFE779003D1BAF /* GLInfoViewController.swift */; };
		97DBBE6422FFE887003D1BAF /* CGLInfo.m in Sources */ = {isa = PBXBuildFile; fileRef = 97DBBE6222FFE887003D1BAF /* CGLInfo.m */; };
		97DBBE6822FFF2AC003D1BAF /* SplashWindow.swift in Sources */ = {isa = PBXBuildFile; fileRef = 97DBBE6722FFF2AC003D1BAF /* SplashWindow.swift */; };
		97DBBE6C230003DC003D1BAF /* NSAlert.swift in Sources */ = {isa = PBXBuildFile; fileRef = 97DBBE6B230003DC003D1BAF /* NSAlert.swift */; };
		97DBBE7123000FAB003D1BAF /* CelestiaResources in CopyFiles */ = {isa = PBXBuildFile; fileRef = 97DBBE7023000FAB003D1BAF /* CelestiaResources */; };
		97ED227A234C297800FA5E2D /* LegacyMigrator.m in Sources */ = {isa = PBXBuildFile; fileRef = 97ED2279234C297800FA5E2D /* LegacyMigrator.m */; };
		97ED227C234C2D6900FA5E2D /* Migrator.swift in Sources */ = {isa = PBXBuildFile; fileRef = 97ED227B234C2D6900FA5E2D /* Migrator.swift */; };
		97F2518E22FDB6E100067B06 /* AppDelegate.swift in Sources */ = {isa = PBXBuildFile; fileRef = 97F2518D22FDB6E100067B06 /* AppDelegate.swift */; };
		97F2519022FDB6E100067B06 /* CelestiaViewController.swift in Sources */ = {isa = PBXBuildFile; fileRef = 97F2518F22FDB6E100067B06 /* CelestiaViewController.swift */; };
		97F2519222FDB6E700067B06 /* Assets.xcassets in Resources */ = {isa = PBXBuildFile; fileRef = 97F2519122FDB6E700067B06 /* Assets.xcassets */; };
		97F2519522FDB6E700067B06 /* Main.storyboard in Resources */ = {isa = PBXBuildFile; fileRef = 97F2519322FDB6E700067B06 /* Main.storyboard */; };
		97F251A622FDB79F00067B06 /* CelestiaCore.framework in Frameworks */ = {isa = PBXBuildFile; fileRef = 97F251A222FDB75400067B06 /* CelestiaCore.framework */; };
		97F251BF22FDBACA00067B06 /* CelestiaGLView.swift in Sources */ = {isa = PBXBuildFile; fileRef = 97F251BE22FDBACA00067B06 /* CelestiaGLView.swift */; };
/* End PBXBuildFile section */

/* Begin PBXContainerItemProxy section */
		97F251A122FDB75400067B06 /* PBXContainerItemProxy */ = {
			isa = PBXContainerItemProxy;
			containerPortal = 97F2519D22FDB75400067B06 /* CelestiaCore.xcodeproj */;
			proxyType = 2;
			remoteGlobalIDString = 9753848322FDA37000050A53;
			remoteInfo = CelestiaCore;
		};
/* End PBXContainerItemProxy section */

/* Begin PBXCopyFilesBuildPhase section */
		97DBBE6F23000F94003D1BAF /* CopyFiles */ = {
			isa = PBXCopyFilesBuildPhase;
			buildActionMask = 2147483647;
			dstPath = "";
			dstSubfolderSpec = 7;
			files = (
				97DBBE7123000FAB003D1BAF /* CelestiaResources in CopyFiles */,
			);
			runOnlyForDeploymentPostprocessing = 0;
		};
/* End PBXCopyFilesBuildPhase section */

/* Begin PBXFileReference section */
		970DCE0C22FE58DB0044F590 /* Bridging-Header.h */ = {isa = PBXFileReference; lastKnownFileType = sourcecode.c.h; path = "Bridging-Header.h"; sourceTree = "<group>"; };
		970DCE3B22FE8B550044F590 /* NSOpenGLView+AASample.h */ = {isa = PBXFileReference; lastKnownFileType = sourcecode.c.h; path = "NSOpenGLView+AASample.h"; sourceTree = "<group>"; };
		970DCE3C22FE8B550044F590 /* NSOpenGLView+AASample.m */ = {isa = PBXFileReference; lastKnownFileType = sourcecode.c.objc; path = "NSOpenGLView+AASample.m"; sourceTree = "<group>"; };
		971A67492301A376009E4EA1 /* OpenGL.framework */ = {isa = PBXFileReference; lastKnownFileType = wrapper.framework; name = OpenGL.framework; path = System/Library/Frameworks/OpenGL.framework; sourceTree = SDKROOT; };
		971A674F2301A9D3009E4EA1 /* ScriptController.swift */ = {isa = PBXFileReference; lastKnownFileType = sourcecode.swift; path = ScriptController.swift; sourceTree = "<group>"; };
		972F39DF22FEAD1D00CEDDAC /* BrowserViewController.swift */ = {isa = PBXFileReference; lastKnownFileType = sourcecode.swift; path = BrowserViewController.swift; sourceTree = "<group>"; };
		972F3A1122FEF65300CEDDAC /* EclipseFinderViewController.swift */ = {isa = PBXFileReference; lastKnownFileType = sourcecode.swift; path = EclipseFinderViewController.swift; sourceTree = "<group>"; };
		972F3A2122FF96F000CEDDAC /* SettingViewController.swift */ = {isa = PBXFileReference; lastKnownFileType = sourcecode.swift; path = SettingViewController.swift; sourceTree = "<group>"; };
		972F3A3622FFC70C00CEDDAC /* GotoViewController.swift */ = {isa = PBXFileReference; lastKnownFileType = sourcecode.swift; path = GotoViewController.swift; sourceTree = "<group>"; };
		97458FE5232769F8009BFADF /* ConfigSelectionViewController.swift */ = {isa = PBXFileReference; lastKnownFileType = sourcecode.swift; path = ConfigSelectionViewController.swift; sourceTree = "<group>"; };
		97458FE823276B54009BFADF /* PathUtils.swift */ = {isa = PBXFileReference; lastKnownFileType = sourcecode.swift; path = PathUtils.swift; sourceTree = "<group>"; };
		974D26F62302AD5600FDFBC0 /* BookmarkOrganizerViewController.swift */ = {isa = PBXFileReference; lastKnownFileType = sourcecode.swift; path = BookmarkOrganizerViewController.swift; sourceTree = "<group>"; };
		974D26F82302AEAA00FDFBC0 /* BookmarkController.swift */ = {isa = PBXFileReference; lastKnownFileType = sourcecode.swift; path = BookmarkController.swift; sourceTree = "<group>"; };
		974D26FA2302B1DC00FDFBC0 /* BookmarkNode.swift */ = {isa = PBXFileReference; lastKnownFileType = sourcecode.swift; path = BookmarkNode.swift; sourceTree = "<group>"; };
		974D27532303CEF000FDFBC0 /* InfoViewController.swift */ = {isa = PBXFileReference; lastKnownFileType = sourcecode.swift; path = InfoViewController.swift; sourceTree = "<group>"; };
		976BC22C23002B7700D2BF29 /* Celestia.entitlements */ = {isa = PBXFileReference; lastKnownFileType = text.plist.entitlements; path = Celestia.entitlements; sourceTree = "<group>"; };
		97916F3F2313F31D00925AF3 /* CelestiaViewDelegate.swift */ = {isa = PBXFileReference; lastKnownFileType = sourcecode.swift; path = CelestiaViewDelegate.swift; sourceTree = "<group>"; };
		97989DA523051BB9008FA466 /* Base */ = {isa = PBXFileReference; lastKnownFileType = file.storyboard; name = Base; path = Base.lproj/Bookmark.storyboard; sourceTree = "<group>"; };
		97989DA923051BBD008FA466 /* Base */ = {isa = PBXFileReference; lastKnownFileType = file.storyboard; name = Base; path = Base.lproj/Accessory.storyboard; sourceTree = "<group>"; };
		97989DAC23051BC2008FA466 /* Base */ = {isa = PBXFileReference; lastKnownFileType = file.storyboard; name = Base; path = Base.lproj/StarBrowser.storyboard; sourceTree = "<group>"; };
		97989DAF23051BCA008FA466 /* Base */ = {isa = PBXFileReference; lastKnownFileType = file.storyboard; name = Base; path = Base.lproj/Setting.storyboard; sourceTree = "<group>"; };
		97989DB223051BCE008FA466 /* Base */ = {isa = PBXFileReference; lastKnownFileType = file.storyboard; name = Base; path = Base.lproj/EclipseFinder.storyboard; sourceTree = "<group>"; };
		97989DB423051BD8008FA466 /* zh-Hans */ = {isa = PBXFileReference; lastKnownFileType = text.plist.strings; name = "zh-Hans"; path = "zh-Hans.lproj/Bookmark.strings"; sourceTree = "<group>"; };
		97989DB523051BD9008FA466 /* zh-Hans */ = {isa = PBXFileReference; lastKnownFileType = text.plist.strings; name = "zh-Hans"; path = "zh-Hans.lproj/Accessory.strings"; sourceTree = "<group>"; };
		97989DB623051BD9008FA466 /* zh-Hans */ = {isa = PBXFileReference; lastKnownFileType = text.plist.strings; name = "zh-Hans"; path = "zh-Hans.lproj/StarBrowser.strings"; sourceTree = "<group>"; };
		97989DB723051BD9008FA466 /* zh-Hans */ = {isa = PBXFileReference; lastKnownFileType = text.plist.strings; name = "zh-Hans"; path = "zh-Hans.lproj/Setting.strings"; sourceTree = "<group>"; };
		97989DB823051BD9008FA466 /* zh-Hans */ = {isa = PBXFileReference; lastKnownFileType = text.plist.strings; name = "zh-Hans"; path = "zh-Hans.lproj/EclipseFinder.strings"; sourceTree = "<group>"; };
		97989DB923051BD9008FA466 /* zh-Hans */ = {isa = PBXFileReference; lastKnownFileType = text.plist.strings; name = "zh-Hans"; path = "zh-Hans.lproj/Main.strings"; sourceTree = "<group>"; };
		97989DBB23051D6B008FA466 /* ja */ = {isa = PBXFileReference; lastKnownFileType = text.plist.strings; name = ja; path = ja.lproj/Bookmark.strings; sourceTree = "<group>"; };
		97989DBC23051D6B008FA466 /* ja */ = {isa = PBXFileReference; lastKnownFileType = text.plist.strings; name = ja; path = ja.lproj/Accessory.strings; sourceTree = "<group>"; };
		97989DBD23051D6C008FA466 /* ja */ = {isa = PBXFileReference; lastKnownFileType = text.plist.strings; name = ja; path = ja.lproj/StarBrowser.strings; sourceTree = "<group>"; };
		97989DBE23051D6C008FA466 /* ja */ = {isa = PBXFileReference; lastKnownFileType = text.plist.strings; name = ja; path = ja.lproj/Setting.strings; sourceTree = "<group>"; };
		97989DBF23051D6C008FA466 /* ja */ = {isa = PBXFileReference; lastKnownFileType = text.plist.strings; name = ja; path = ja.lproj/EclipseFinder.strings; sourceTree = "<group>"; };
		97989DC023051D6C008FA466 /* ja */ = {isa = PBXFileReference; lastKnownFileType = text.plist.strings; name = ja; path = ja.lproj/Main.strings; sourceTree = "<group>"; };
		97989DC223051D8B008FA466 /* es */ = {isa = PBXFileReference; lastKnownFileType = text.plist.strings; name = es; path = es.lproj/Bookmark.strings; sourceTree = "<group>"; };
		97989DC323051D8B008FA466 /* es */ = {isa = PBXFileReference; lastKnownFileType = text.plist.strings; name = es; path = es.lproj/Accessory.strings; sourceTree = "<group>"; };
		97989DC423051D8B008FA466 /* es */ = {isa = PBXFileReference; lastKnownFileType = text.plist.strings; name = es; path = es.lproj/StarBrowser.strings; sourceTree = "<group>"; };
		97989DC523051D8C008FA466 /* es */ = {isa = PBXFileReference; lastKnownFileType = text.plist.strings; name = es; path = es.lproj/Setting.strings; sourceTree = "<group>"; };
		97989DC623051D8C008FA466 /* es */ = {isa = PBXFileReference; lastKnownFileType = text.plist.strings; name = es; path = es.lproj/EclipseFinder.strings; sourceTree = "<group>"; };
		97989DC723051D8C008FA466 /* es */ = {isa = PBXFileReference; lastKnownFileType = text.plist.strings; name = es; path = es.lproj/Main.strings; sourceTree = "<group>"; };
		97989DC823051D91008FA466 /* fr */ = {isa = PBXFileReference; lastKnownFileType = text.plist.strings; name = fr; path = fr.lproj/Bookmark.strings; sourceTree = "<group>"; };
		97989DC923051D92008FA466 /* fr */ = {isa = PBXFileReference; lastKnownFileType = text.plist.strings; name = fr; path = fr.lproj/Accessory.strings; sourceTree = "<group>"; };
		97989DCA23051D92008FA466 /* fr */ = {isa = PBXFileReference; lastKnownFileType = text.plist.strings; name = fr; path = fr.lproj/StarBrowser.strings; sourceTree = "<group>"; };
		97989DCB23051D92008FA466 /* fr */ = {isa = PBXFileReference; lastKnownFileType = text.plist.strings; name = fr; path = fr.lproj/Setting.strings; sourceTree = "<group>"; };
		97989DCC23051D92008FA466 /* fr */ = {isa = PBXFileReference; lastKnownFileType = text.plist.strings; name = fr; path = fr.lproj/EclipseFinder.strings; sourceTree = "<group>"; };
		97989DCD23051D92008FA466 /* fr */ = {isa = PBXFileReference; lastKnownFileType = text.plist.strings; name = fr; path = fr.lproj/Main.strings; sourceTree = "<group>"; };
		97989DCE23051DE2008FA466 /* Base */ = {isa = PBXFileReference; lastKnownFileType = text.plist.xml; name = Base; path = Base.lproj/Info.plist; sourceTree = "<group>"; };
		97989DE223051FA4008FA466 /* zh-Hans */ = {isa = PBXFileReference; lastKnownFileType = text.plist.strings; name = "zh-Hans"; path = "zh-Hans.lproj/Localizable.strings"; sourceTree = "<group>"; };
		97989DE323051FA7008FA466 /* ja */ = {isa = PBXFileReference; lastKnownFileType = text.plist.strings; name = ja; path = ja.lproj/Localizable.strings; sourceTree = "<group>"; };
		97989DE423051FA9008FA466 /* es */ = {isa = PBXFileReference; lastKnownFileType = text.plist.strings; name = es; path = es.lproj/Localizable.strings; sourceTree = "<group>"; };
		97989DE523051FA9008FA466 /* fr */ = {isa = PBXFileReference; lastKnownFileType = text.plist.strings; name = fr; path = fr.lproj/Localizable.strings; sourceTree = "<group>"; };
		97989E1923057DC2008FA466 /* Base */ = {isa = PBXFileReference; lastKnownFileType = text.rtf; name = Base; path = Base.lproj/Credits.rtf; sourceTree = "<group>"; };
		97989E1C23057DD0008FA466 /* zh-Hans */ = {isa = PBXFileReference; lastKnownFileType = text.rtf; name = "zh-Hans"; path = "zh-Hans.lproj/Credits.rtf"; sourceTree = "<group>"; };
		97989E1D23057DD3008FA466 /* ja */ = {isa = PBXFileReference; lastKnownFileType = text.rtf; name = ja; path = ja.lproj/Credits.rtf; sourceTree = "<group>"; };
		97989E1E23057DD4008FA466 /* es */ = {isa = PBXFileReference; lastKnownFileType = text.rtf; name = es; path = es.lproj/Credits.rtf; sourceTree = "<group>"; };
		97989E1F23057DD4008FA466 /* fr */ = {isa = PBXFileReference; lastKnownFileType = text.rtf; name = fr; path = fr.lproj/Credits.rtf; sourceTree = "<group>"; };
		97DBBE5722FFDDC4003D1BAF /* SetTimeViewController.swift */ = {isa = PBXFileReference; lastKnownFileType = sourcecode.swift; path = SetTimeViewController.swift; sourceTree = "<group>"; };
		97DBBE6022FFE779003D1BAF /* GLInfoViewController.swift */ = {isa = PBXFileReference; lastKnownFileType = sourcecode.swift; path = GLInfoViewController.swift; sourceTree = "<group>"; };
		97DBBE6222FFE887003D1BAF /* CGLInfo.m */ = {isa = PBXFileReference; fileEncoding = 4; lastKnownFileType = sourcecode.c.objc; path = CGLInfo.m; sourceTree = "<group>"; };
		97DBBE6322FFE887003D1BAF /* CGLInfo.h */ = {isa = PBXFileReference; fileEncoding = 4; lastKnownFileType = sourcecode.c.h; path = CGLInfo.h; sourceTree = "<group>"; };
		97DBBE6722FFF2AC003D1BAF /* SplashWindow.swift */ = {isa = PBXFileReference; lastKnownFileType = sourcecode.swift; path = SplashWindow.swift; sourceTree = "<group>"; };
		97DBBE6B230003DC003D1BAF /* NSAlert.swift */ = {isa = PBXFileReference; lastKnownFileType = sourcecode.swift; path = NSAlert.swift; sourceTree = "<group>"; };
		97DBBE6D23000EA8003D1BAF /* liblua53.a */ = {isa = PBXFileReference; lastKnownFileType = archive.ar; name = liblua53.a; path = ../../../Downloads/celestialibs/liblua53.a; sourceTree = "<group>"; };
		97DBBE7023000FAB003D1BAF /* CelestiaResources */ = {isa = PBXFileReference; lastKnownFileType = folder; path = CelestiaResources; sourceTree = "<group>"; };
		97ED2277234C297800FA5E2D /* LegacyMigrator.h */ = {isa = PBXFileReference; fileEncoding = 4; lastKnownFileType = sourcecode.c.h; path = LegacyMigrator.h; sourceTree = "<group>"; };
		97ED2279234C297800FA5E2D /* LegacyMigrator.m */ = {isa = PBXFileReference; fileEncoding = 4; lastKnownFileType = sourcecode.c.objc; path = LegacyMigrator.m; sourceTree = "<group>"; };
		97ED227B234C2D6900FA5E2D /* Migrator.swift */ = {isa = PBXFileReference; lastKnownFileType = sourcecode.swift; path = Migrator.swift; sourceTree = "<group>"; };
		97F2518A22FDB6E100067B06 /* Celestia.app */ = {isa = PBXFileReference; explicitFileType = wrapper.application; includeInIndex = 0; path = Celestia.app; sourceTree = BUILT_PRODUCTS_DIR; };
		97F2518D22FDB6E100067B06 /* AppDelegate.swift */ = {isa = PBXFileReference; lastKnownFileType = sourcecode.swift; path = AppDelegate.swift; sourceTree = "<group>"; };
		97F2518F22FDB6E100067B06 /* CelestiaViewController.swift */ = {isa = PBXFileReference; lastKnownFileType = sourcecode.swift; path = CelestiaViewController.swift; sourceTree = "<group>"; };
		97F2519122FDB6E700067B06 /* Assets.xcassets */ = {isa = PBXFileReference; lastKnownFileType = folder.assetcatalog; path = Assets.xcassets; sourceTree = "<group>"; };
		97F2519422FDB6E700067B06 /* Base */ = {isa = PBXFileReference; lastKnownFileType = file.storyboard; name = Base; path = Base.lproj/Main.storyboard; sourceTree = "<group>"; };
		97F2519722FDB6E700067B06 /* CelestiaApp.entitlements */ = {isa = PBXFileReference; lastKnownFileType = text.plist.entitlements; path = CelestiaApp.entitlements; sourceTree = "<group>"; };
		97F2519D22FDB75400067B06 /* CelestiaCore.xcodeproj */ = {isa = PBXFileReference; lastKnownFileType = "wrapper.pb-project"; name = CelestiaCore.xcodeproj; path = ../CelestiaCore/CelestiaCore.xcodeproj; sourceTree = "<group>"; };
		97F251A722FDB86E00067B06 /* libc++.tbd */ = {isa = PBXFileReference; lastKnownFileType = "sourcecode.text-based-dylib-definition"; name = "libc++.tbd"; path = "usr/lib/libc++.tbd"; sourceTree = SDKROOT; };
		97F251A922FDB8D800067B06 /* libpng16.a */ = {isa = PBXFileReference; lastKnownFileType = archive.ar; name = libpng16.a; path = ../../../Downloads/celestialibs/libpng16.a; sourceTree = "<group>"; };
		97F251AA22FDB8D800067B06 /* libGLEW.a */ = {isa = PBXFileReference; lastKnownFileType = archive.ar; name = libGLEW.a; path = ../../../Downloads/celestialibs/libGLEW.a; sourceTree = "<group>"; };
		97F251AB22FDB8D800067B06 /* cspice.a */ = {isa = PBXFileReference; lastKnownFileType = archive.ar; name = cspice.a; path = ../../../Downloads/celestialibs/cspice.a; sourceTree = "<group>"; };
		97F251AC22FDB8D800067B06 /* libfmt.a */ = {isa = PBXFileReference; lastKnownFileType = archive.ar; name = libfmt.a; path = ../../../Downloads/celestialibs/libfmt.a; sourceTree = "<group>"; };
		97F251AD22FDB8D800067B06 /* libintl.a */ = {isa = PBXFileReference; lastKnownFileType = archive.ar; name = libintl.a; path = ../../../Downloads/celestialibs/libintl.a; sourceTree = "<group>"; };
		97F251AE22FDB8D800067B06 /* libjpeg.a */ = {isa = PBXFileReference; lastKnownFileType = archive.ar; name = libjpeg.a; path = ../../../Downloads/celestialibs/libjpeg.a; sourceTree = "<group>"; };
		97F251BA22FDB9AD00067B06 /* libiconv.tbd */ = {isa = PBXFileReference; lastKnownFileType = "sourcecode.text-based-dylib-definition"; name = libiconv.tbd; path = usr/lib/libiconv.tbd; sourceTree = SDKROOT; };
		97F251BC22FDB9BB00067B06 /* libz.tbd */ = {isa = PBXFileReference; lastKnownFileType = "sourcecode.text-based-dylib-definition"; name = libz.tbd; path = usr/lib/libz.tbd; sourceTree = SDKROOT; };
		97F251BE22FDBACA00067B06 /* CelestiaGLView.swift */ = {isa = PBXFileReference; lastKnownFileType = sourcecode.swift; path = CelestiaGLView.swift; sourceTree = "<group>"; };
/* End PBXFileReference section */

/* Begin PBXFrameworksBuildPhase section */
		97F2518722FDB6E100067B06 /* Frameworks */ = {
			isa = PBXFrameworksBuildPhase;
			buildActionMask = 2147483647;
			files = (
				971A674A2301A376009E4EA1 /* OpenGL.framework in Frameworks */,
				971A67482301A370009E4EA1 /* libz.tbd in Frameworks */,
				971A67472301A36C009E4EA1 /* libiconv.tbd in Frameworks */,
				971A67462301A367009E4EA1 /* libc++.tbd in Frameworks */,
				97F251A622FDB79F00067B06 /* CelestiaCore.framework in Frameworks */,
			);
			runOnlyForDeploymentPostprocessing = 0;
		};
/* End PBXFrameworksBuildPhase section */

/* Begin PBXGroup section */
		972F3A2F22FFC64600CEDDAC /* EclipseFinder */ = {
			isa = PBXGroup;
			children = (
				972F3A1122FEF65300CEDDAC /* EclipseFinderViewController.swift */,
				97989DB323051BCE008FA466 /* EclipseFinder.storyboard */,
			);
			path = EclipseFinder;
			sourceTree = "<group>";
		};
		972F3A3022FFC65700CEDDAC /* Setting */ = {
			isa = PBXGroup;
			children = (
				97989DB023051BCA008FA466 /* Setting.storyboard */,
				972F3A2122FF96F000CEDDAC /* SettingViewController.swift */,
			);
			path = Setting;
			sourceTree = "<group>";
		};
		972F3A3122FFC66100CEDDAC /* StarBrowser */ = {
			isa = PBXGroup;
			children = (
				97989DAD23051BC2008FA466 /* StarBrowser.storyboard */,
				972F39DF22FEAD1D00CEDDAC /* BrowserViewController.swift */,
			);
			path = StarBrowser;
			sourceTree = "<group>";
		};
		972F3A3222FFC67100CEDDAC /* OpenGL */ = {
			isa = PBXGroup;
			children = (
				97DBBE6322FFE887003D1BAF /* CGLInfo.h */,
				97DBBE6222FFE887003D1BAF /* CGLInfo.m */,
				97F251BE22FDBACA00067B06 /* CelestiaGLView.swift */,
				970DCE3B22FE8B550044F590 /* NSOpenGLView+AASample.h */,
				970DCE3C22FE8B550044F590 /* NSOpenGLView+AASample.m */,
			);
			path = OpenGL;
			sourceTree = "<group>";
		};
		972F3A3322FFC6D700CEDDAC /* Accessory */ = {
			isa = PBXGroup;
			children = (
				97989DAA23051BBD008FA466 /* Accessory.storyboard */,
				972F3A3622FFC70C00CEDDAC /* GotoViewController.swift */,
				97DBBE5722FFDDC4003D1BAF /* SetTimeViewController.swift */,
				97DBBE6022FFE779003D1BAF /* GLInfoViewController.swift */,
				97DBBE6722FFF2AC003D1BAF /* SplashWindow.swift */,
				97DBBE6B230003DC003D1BAF /* NSAlert.swift */,
				971A674F2301A9D3009E4EA1 /* ScriptController.swift */,
				974D27532303CEF000FDFBC0 /* InfoViewController.swift */,
				97458FE5232769F8009BFADF /* ConfigSelectionViewController.swift */,
			);
			path = Accessory;
			sourceTree = "<group>";
		};
		97458FE723276B43009BFADF /* Utils */ = {
			isa = PBXGroup;
			children = (
				97ED2277234C297800FA5E2D /* LegacyMigrator.h */,
				97ED2279234C297800FA5E2D /* LegacyMigrator.m */,
				97458FE823276B54009BFADF /* PathUtils.swift */,
				97ED227B234C2D6900FA5E2D /* Migrator.swift */,
			);
			path = Utils;
			sourceTree = "<group>";
		};
		974D26F22302ACBF00FDFBC0 /* Bookmark */ = {
			isa = PBXGroup;
			children = (
				97989DA623051BB9008FA466 /* Bookmark.storyboard */,
				974D26F62302AD5600FDFBC0 /* BookmarkOrganizerViewController.swift */,
				974D26F82302AEAA00FDFBC0 /* BookmarkController.swift */,
				974D26FA2302B1DC00FDFBC0 /* BookmarkNode.swift */,
			);
			path = Bookmark;
			sourceTree = "<group>";
		};
		97989D4C2304EEE6008FA466 /* Resources */ = {
			isa = PBXGroup;
			children = (
				97989E1A23057DC2008FA466 /* Credits.rtf */,
			);
			path = Resources;
			sourceTree = "<group>";
		};
		97F2518122FDB6E000067B06 = {
			isa = PBXGroup;
			children = (
				976BC22C23002B7700D2BF29 /* Celestia.entitlements */,
				97DBBE7023000FAB003D1BAF /* CelestiaResources */,
				97F2519D22FDB75400067B06 /* CelestiaCore.xcodeproj */,
				97F2518C22FDB6E100067B06 /* CelestiaApp */,
				97F2518B22FDB6E100067B06 /* Products */,
				97F251A522FDB79F00067B06 /* Frameworks */,
			);
			sourceTree = "<group>";
		};
		97F2518B22FDB6E100067B06 /* Products */ = {
			isa = PBXGroup;
			children = (
				97F2518A22FDB6E100067B06 /* Celestia.app */,
			);
			name = Products;
			sourceTree = "<group>";
		};
		97F2518C22FDB6E100067B06 /* CelestiaApp */ = {
			isa = PBXGroup;
			children = (
				97458FE723276B43009BFADF /* Utils */,
				97989D4C2304EEE6008FA466 /* Resources */,
				974D26F22302ACBF00FDFBC0 /* Bookmark */,
				972F3A3322FFC6D700CEDDAC /* Accessory */,
				972F3A3222FFC67100CEDDAC /* OpenGL */,
				972F3A3122FFC66100CEDDAC /* StarBrowser */,
				972F3A3022FFC65700CEDDAC /* Setting */,
				972F3A2F22FFC64600CEDDAC /* EclipseFinder */,
				97F2518D22FDB6E100067B06 /* AppDelegate.swift */,
				97916F3F2313F31D00925AF3 /* CelestiaViewDelegate.swift */,
				97F2518F22FDB6E100067B06 /* CelestiaViewController.swift */,
				97F2519122FDB6E700067B06 /* Assets.xcassets */,
				97F2519322FDB6E700067B06 /* Main.storyboard */,
				970DCE0C22FE58DB0044F590 /* Bridging-Header.h */,
				97989DE123051F96008FA466 /* Localizable.strings */,
				97989DCF23051DE2008FA466 /* Info.plist */,
				97F2519722FDB6E700067B06 /* CelestiaApp.entitlements */,
			);
			path = CelestiaApp;
			sourceTree = "<group>";
		};
		97F2519E22FDB75400067B06 /* Products */ = {
			isa = PBXGroup;
			children = (
				97F251A222FDB75400067B06 /* CelestiaCore.framework */,
			);
			name = Products;
			sourceTree = "<group>";
		};
		97F251A522FDB79F00067B06 /* Frameworks */ = {
			isa = PBXGroup;
			children = (
				971A67492301A376009E4EA1 /* OpenGL.framework */,
				97DBBE6D23000EA8003D1BAF /* liblua53.a */,
				97F251BC22FDB9BB00067B06 /* libz.tbd */,
				97F251BA22FDB9AD00067B06 /* libiconv.tbd */,
				97F251AB22FDB8D800067B06 /* cspice.a */,
				97F251AC22FDB8D800067B06 /* libfmt.a */,
				97F251AA22FDB8D800067B06 /* libGLEW.a */,
				97F251AD22FDB8D800067B06 /* libintl.a */,
				97F251AE22FDB8D800067B06 /* libjpeg.a */,
				97F251A922FDB8D800067B06 /* libpng16.a */,
				97F251A722FDB86E00067B06 /* libc++.tbd */,
			);
			name = Frameworks;
			sourceTree = "<group>";
		};
/* End PBXGroup section */

/* Begin PBXNativeTarget section */
		97F2518922FDB6E100067B06 /* Celestia */ = {
			isa = PBXNativeTarget;
			buildConfigurationList = 97F2519A22FDB6E700067B06 /* Build configuration list for PBXNativeTarget "Celestia" */;
			buildPhases = (
				97F2518622FDB6E100067B06 /* Sources */,
				97F2518722FDB6E100067B06 /* Frameworks */,
				97F2518822FDB6E100067B06 /* Resources */,
				97DBBE6F23000F94003D1BAF /* CopyFiles */,
			);
			buildRules = (
			);
			dependencies = (
			);
			name = Celestia;
			productName = CelestiaApp;
			productReference = 97F2518A22FDB6E100067B06 /* Celestia.app */;
			productType = "com.apple.product-type.application";
		};
/* End PBXNativeTarget section */

/* Begin PBXProject section */
		97F2518222FDB6E000067B06 /* Project object */ = {
			isa = PBXProject;
			attributes = {
				LastSwiftUpdateCheck = 1030;
				LastUpgradeCheck = 1100;
				ORGANIZATIONNAME = "李林峰";
				TargetAttributes = {
					97F2518922FDB6E100067B06 = {
						CreatedOnToolsVersion = 10.3;
						SystemCapabilities = {
							com.apple.HardenedRuntime = {
								enabled = 1;
							};
							com.apple.Sandbox = {
								enabled = 1;
							};
						};
					};
				};
			};
			buildConfigurationList = 97F2518522FDB6E000067B06 /* Build configuration list for PBXProject "CelestiaApp" */;
			compatibilityVersion = "Xcode 9.3";
			developmentRegion = en;
			hasScannedForEncodings = 0;
			knownRegions = (
				en,
				Base,
				"zh-Hans",
				ja,
				es,
				fr,
			);
			mainGroup = 97F2518122FDB6E000067B06;
			productRefGroup = 97F2518B22FDB6E100067B06 /* Products */;
			projectDirPath = "";
			projectReferences = (
				{
					ProductGroup = 97F2519E22FDB75400067B06 /* Products */;
					ProjectRef = 97F2519D22FDB75400067B06 /* CelestiaCore.xcodeproj */;
				},
			);
			projectRoot = "";
			targets = (
				97F2518922FDB6E100067B06 /* Celestia */,
			);
		};
/* End PBXProject section */

/* Begin PBXReferenceProxy section */
		97F251A222FDB75400067B06 /* CelestiaCore.framework */ = {
			isa = PBXReferenceProxy;
			fileType = wrapper.framework;
			path = CelestiaCore.framework;
			remoteRef = 97F251A122FDB75400067B06 /* PBXContainerItemProxy */;
			sourceTree = BUILT_PRODUCTS_DIR;
		};
/* End PBXReferenceProxy section */

/* Begin PBXResourcesBuildPhase section */
		97F2518822FDB6E100067B06 /* Resources */ = {
			isa = PBXResourcesBuildPhase;
			buildActionMask = 2147483647;
			files = (
				97989DA423051BB9008FA466 /* Bookmark.storyboard in Resources */,
				97989DB123051BCE008FA466 /* EclipseFinder.storyboard in Resources */,
				97989DA823051BBD008FA466 /* Accessory.storyboard in Resources */,
				97989E1823057DC2008FA466 /* Credits.rtf in Resources */,
				97F2519222FDB6E700067B06 /* Assets.xcassets in Resources */,
				97989DDF23051F96008FA466 /* Localizable.strings in Resources */,
				97989DAE23051BCA008FA466 /* Setting.storyboard in Resources */,
				97F2519522FDB6E700067B06 /* Main.storyboard in Resources */,
				97989DAB23051BC2008FA466 /* StarBrowser.storyboard in Resources */,
			);
			runOnlyForDeploymentPostprocessing = 0;
		};
/* End PBXResourcesBuildPhase section */

/* Begin PBXSourcesBuildPhase section */
		97F2518622FDB6E100067B06 /* Sources */ = {
			isa = PBXSourcesBuildPhase;
			buildActionMask = 2147483647;
			files = (
				97458FE923276B54009BFADF /* PathUtils.swift in Sources */,
				97DBBE5922FFDDC4003D1BAF /* SetTimeViewController.swift in Sources */,
				972F3A1222FEF65300CEDDAC /* EclipseFinderViewController.swift in Sources */,
				971A67502301A9D3009E4EA1 /* ScriptController.swift in Sources */,
				97DBBE6422FFE887003D1BAF /* CGLInfo.m in Sources */,
				974D27552303CEF000FDFBC0 /* InfoViewController.swift in Sources */,
				97DBBE6C230003DC003D1BAF /* NSAlert.swift in Sources */,
				97DBBE6822FFF2AC003D1BAF /* SplashWindow.swift in Sources */,
				974D26F72302AD5600FDFBC0 /* BookmarkOrganizerViewController.swift in Sources */,
				97458FE6232769F8009BFADF /* ConfigSelectionViewController.swift in Sources */,
				97DBBE6122FFE779003D1BAF /* GLInfoViewController.swift in Sources */,
				97F251BF22FDBACA00067B06 /* CelestiaGLView.swift in Sources */,
				972F39E022FEAD1D00CEDDAC /* BrowserViewController.swift in Sources */,
				972F3A2222FF96F000CEDDAC /* SettingViewController.swift in Sources */,
				974D26FB2302B1DC00FDFBC0 /* BookmarkNode.swift in Sources */,
				970DCE3D22FE8B550044F590 /* NSOpenGLView+AASample.m in Sources */,
				97F2519022FDB6E100067B06 /* CelestiaViewController.swift in Sources */,
				97F2518E22FDB6E100067B06 /* AppDelegate.swift in Sources */,
				972F3A3822FFC70C00CEDDAC /* GotoViewController.swift in Sources */,
				974D26F92302AEAA00FDFBC0 /* BookmarkController.swift in Sources */,
				97ED227A234C297800FA5E2D /* LegacyMigrator.m in Sources */,
				97916F402313F31D00925AF3 /* CelestiaViewDelegate.swift in Sources */,
				97ED227C234C2D6900FA5E2D /* Migrator.swift in Sources */,
			);
			runOnlyForDeploymentPostprocessing = 0;
		};
/* End PBXSourcesBuildPhase section */

/* Begin PBXVariantGroup section */
		97989DA623051BB9008FA466 /* Bookmark.storyboard */ = {
			isa = PBXVariantGroup;
			children = (
				97989DA523051BB9008FA466 /* Base */,
				97989DB423051BD8008FA466 /* zh-Hans */,
				97989DBB23051D6B008FA466 /* ja */,
				97989DC223051D8B008FA466 /* es */,
				97989DC823051D91008FA466 /* fr */,
			);
			name = Bookmark.storyboard;
			sourceTree = "<group>";
		};
		97989DAA23051BBD008FA466 /* Accessory.storyboard */ = {
			isa = PBXVariantGroup;
			children = (
				97989DA923051BBD008FA466 /* Base */,
				97989DB523051BD9008FA466 /* zh-Hans */,
				97989DBC23051D6B008FA466 /* ja */,
				97989DC323051D8B008FA466 /* es */,
				97989DC923051D92008FA466 /* fr */,
			);
			name = Accessory.storyboard;
			sourceTree = "<group>";
		};
		97989DAD23051BC2008FA466 /* StarBrowser.storyboard */ = {
			isa = PBXVariantGroup;
			children = (
				97989DAC23051BC2008FA466 /* Base */,
				97989DB623051BD9008FA466 /* zh-Hans */,
				97989DBD23051D6C008FA466 /* ja */,
				97989DC423051D8B008FA466 /* es */,
				97989DCA23051D92008FA466 /* fr */,
			);
			name = StarBrowser.storyboard;
			sourceTree = "<group>";
		};
		97989DB023051BCA008FA466 /* Setting.storyboard */ = {
			isa = PBXVariantGroup;
			children = (
				97989DAF23051BCA008FA466 /* Base */,
				97989DB723051BD9008FA466 /* zh-Hans */,
				97989DBE23051D6C008FA466 /* ja */,
				97989DC523051D8C008FA466 /* es */,
				97989DCB23051D92008FA466 /* fr */,
			);
			name = Setting.storyboard;
			sourceTree = "<group>";
		};
		97989DB323051BCE008FA466 /* EclipseFinder.storyboard */ = {
			isa = PBXVariantGroup;
			children = (
				97989DB223051BCE008FA466 /* Base */,
				97989DB823051BD9008FA466 /* zh-Hans */,
				97989DBF23051D6C008FA466 /* ja */,
				97989DC623051D8C008FA466 /* es */,
				97989DCC23051D92008FA466 /* fr */,
			);
			name = EclipseFinder.storyboard;
			sourceTree = "<group>";
		};
		97989DCF23051DE2008FA466 /* Info.plist */ = {
			isa = PBXVariantGroup;
			children = (
				97989DCE23051DE2008FA466 /* Base */,
			);
			name = Info.plist;
			sourceTree = "<group>";
		};
		97989DE123051F96008FA466 /* Localizable.strings */ = {
			isa = PBXVariantGroup;
			children = (
				97989DE223051FA4008FA466 /* zh-Hans */,
				97989DE323051FA7008FA466 /* ja */,
				97989DE423051FA9008FA466 /* es */,
				97989DE523051FA9008FA466 /* fr */,
			);
			name = Localizable.strings;
			sourceTree = "<group>";
		};
		97989E1A23057DC2008FA466 /* Credits.rtf */ = {
			isa = PBXVariantGroup;
			children = (
				97989E1923057DC2008FA466 /* Base */,
				97989E1C23057DD0008FA466 /* zh-Hans */,
				97989E1D23057DD3008FA466 /* ja */,
				97989E1E23057DD4008FA466 /* es */,
				97989E1F23057DD4008FA466 /* fr */,
			);
			name = Credits.rtf;
			sourceTree = "<group>";
		};
		97F2519322FDB6E700067B06 /* Main.storyboard */ = {
			isa = PBXVariantGroup;
			children = (
				97F2519422FDB6E700067B06 /* Base */,
				97989DB923051BD9008FA466 /* zh-Hans */,
				97989DC023051D6C008FA466 /* ja */,
				97989DC723051D8C008FA466 /* es */,
				97989DCD23051D92008FA466 /* fr */,
			);
			name = Main.storyboard;
			sourceTree = "<group>";
		};
/* End PBXVariantGroup section */

/* Begin XCBuildConfiguration section */
		97F2519822FDB6E700067B06 /* Debug */ = {
			isa = XCBuildConfiguration;
			buildSettings = {
				ALWAYS_SEARCH_USER_PATHS = NO;
				CLANG_ANALYZER_LOCALIZABILITY_NONLOCALIZED = YES;
				CLANG_ANALYZER_NONNULL = YES;
				CLANG_ANALYZER_NUMBER_OBJECT_CONVERSION = YES_AGGRESSIVE;
				CLANG_CXX_LANGUAGE_STANDARD = "gnu++14";
				CLANG_CXX_LIBRARY = "libc++";
				CLANG_ENABLE_MODULES = YES;
				CLANG_ENABLE_OBJC_ARC = YES;
				CLANG_ENABLE_OBJC_WEAK = YES;
				CLANG_WARN_BLOCK_CAPTURE_AUTORELEASING = YES;
				CLANG_WARN_BOOL_CONVERSION = YES;
				CLANG_WARN_COMMA = YES;
				CLANG_WARN_CONSTANT_CONVERSION = YES;
				CLANG_WARN_DEPRECATED_OBJC_IMPLEMENTATIONS = YES;
				CLANG_WARN_DIRECT_OBJC_ISA_USAGE = YES_ERROR;
				CLANG_WARN_DOCUMENTATION_COMMENTS = YES;
				CLANG_WARN_EMPTY_BODY = YES;
				CLANG_WARN_ENUM_CONVERSION = YES;
				CLANG_WARN_INFINITE_RECURSION = YES;
				CLANG_WARN_INT_CONVERSION = YES;
				CLANG_WARN_NON_LITERAL_NULL_CONVERSION = YES;
				CLANG_WARN_OBJC_IMPLICIT_RETAIN_SELF = YES;
				CLANG_WARN_OBJC_LITERAL_CONVERSION = YES;
				CLANG_WARN_OBJC_ROOT_CLASS = YES_ERROR;
				CLANG_WARN_RANGE_LOOP_ANALYSIS = YES;
				CLANG_WARN_STRICT_PROTOTYPES = YES;
				CLANG_WARN_SUSPICIOUS_MOVE = YES;
				CLANG_WARN_UNGUARDED_AVAILABILITY = YES_AGGRESSIVE;
				CLANG_WARN_UNREACHABLE_CODE = YES;
				CLANG_WARN__DUPLICATE_METHOD_MATCH = YES;
				CODE_SIGN_IDENTITY = "Mac Developer";
				COPY_PHASE_STRIP = NO;
				DEBUG_INFORMATION_FORMAT = dwarf;
				ENABLE_STRICT_OBJC_MSGSEND = YES;
				ENABLE_TESTABILITY = YES;
				GCC_C_LANGUAGE_STANDARD = gnu11;
				GCC_DYNAMIC_NO_PIC = NO;
				GCC_NO_COMMON_BLOCKS = YES;
				GCC_OPTIMIZATION_LEVEL = 0;
				GCC_PREPROCESSOR_DEFINITIONS = (
					"DEBUG=1",
					"$(inherited)",
				);
				GCC_WARN_64_TO_32_BIT_CONVERSION = YES;
				GCC_WARN_ABOUT_RETURN_TYPE = YES_ERROR;
				GCC_WARN_UNDECLARED_SELECTOR = YES;
				GCC_WARN_UNINITIALIZED_AUTOS = YES_AGGRESSIVE;
				GCC_WARN_UNUSED_FUNCTION = YES;
				GCC_WARN_UNUSED_VARIABLE = YES;
				MACOSX_DEPLOYMENT_TARGET = 10.10;
				MTL_ENABLE_DEBUG_INFO = INCLUDE_SOURCE;
				MTL_FAST_MATH = YES;
				ONLY_ACTIVE_ARCH = YES;
				SDKROOT = macosx;
				SWIFT_ACTIVE_COMPILATION_CONDITIONS = DEBUG;
				SWIFT_OPTIMIZATION_LEVEL = "-Onone";
			};
			name = Debug;
		};
		97F2519922FDB6E700067B06 /* Release */ = {
			isa = XCBuildConfiguration;
			buildSettings = {
				ALWAYS_SEARCH_USER_PATHS = NO;
				CLANG_ANALYZER_LOCALIZABILITY_NONLOCALIZED = YES;
				CLANG_ANALYZER_NONNULL = YES;
				CLANG_ANALYZER_NUMBER_OBJECT_CONVERSION = YES_AGGRESSIVE;
				CLANG_CXX_LANGUAGE_STANDARD = "gnu++14";
				CLANG_CXX_LIBRARY = "libc++";
				CLANG_ENABLE_MODULES = YES;
				CLANG_ENABLE_OBJC_ARC = YES;
				CLANG_ENABLE_OBJC_WEAK = YES;
				CLANG_WARN_BLOCK_CAPTURE_AUTORELEASING = YES;
				CLANG_WARN_BOOL_CONVERSION = YES;
				CLANG_WARN_COMMA = YES;
				CLANG_WARN_CONSTANT_CONVERSION = YES;
				CLANG_WARN_DEPRECATED_OBJC_IMPLEMENTATIONS = YES;
				CLANG_WARN_DIRECT_OBJC_ISA_USAGE = YES_ERROR;
				CLANG_WARN_DOCUMENTATION_COMMENTS = YES;
				CLANG_WARN_EMPTY_BODY = YES;
				CLANG_WARN_ENUM_CONVERSION = YES;
				CLANG_WARN_INFINITE_RECURSION = YES;
				CLANG_WARN_INT_CONVERSION = YES;
				CLANG_WARN_NON_LITERAL_NULL_CONVERSION = YES;
				CLANG_WARN_OBJC_IMPLICIT_RETAIN_SELF = YES;
				CLANG_WARN_OBJC_LITERAL_CONVERSION = YES;
				CLANG_WARN_OBJC_ROOT_CLASS = YES_ERROR;
				CLANG_WARN_RANGE_LOOP_ANALYSIS = YES;
				CLANG_WARN_STRICT_PROTOTYPES = YES;
				CLANG_WARN_SUSPICIOUS_MOVE = YES;
				CLANG_WARN_UNGUARDED_AVAILABILITY = YES_AGGRESSIVE;
				CLANG_WARN_UNREACHABLE_CODE = YES;
				CLANG_WARN__DUPLICATE_METHOD_MATCH = YES;
				CODE_SIGN_IDENTITY = "Mac Developer";
				COPY_PHASE_STRIP = NO;
				DEBUG_INFORMATION_FORMAT = "dwarf-with-dsym";
				ENABLE_NS_ASSERTIONS = NO;
				ENABLE_STRICT_OBJC_MSGSEND = YES;
				GCC_C_LANGUAGE_STANDARD = gnu11;
				GCC_NO_COMMON_BLOCKS = YES;
				GCC_WARN_64_TO_32_BIT_CONVERSION = YES;
				GCC_WARN_ABOUT_RETURN_TYPE = YES_ERROR;
				GCC_WARN_UNDECLARED_SELECTOR = YES;
				GCC_WARN_UNINITIALIZED_AUTOS = YES_AGGRESSIVE;
				GCC_WARN_UNUSED_FUNCTION = YES;
				GCC_WARN_UNUSED_VARIABLE = YES;
				MACOSX_DEPLOYMENT_TARGET = 10.10;
				MTL_ENABLE_DEBUG_INFO = NO;
				MTL_FAST_MATH = YES;
				SDKROOT = macosx;
				SWIFT_COMPILATION_MODE = wholemodule;
				SWIFT_OPTIMIZATION_LEVEL = "-O";
			};
			name = Release;
		};
		97F2519B22FDB6E700067B06 /* Debug */ = {
			isa = XCBuildConfiguration;
			buildSettings = {
				ASSETCATALOG_COMPILER_APPICON_NAME = AppIcon;
				CODE_SIGN_ENTITLEMENTS = Celestia.entitlements;
				CODE_SIGN_IDENTITY = "Mac Developer";
				CODE_SIGN_STYLE = Automatic;
				COMBINE_HIDPI_IMAGES = YES;
				DEVELOPMENT_TEAM = 22NR5428TD;
				ENABLE_HARDENED_RUNTIME = YES;
				HEADER_SEARCH_PATHS = "";
				INFOPLIST_FILE = CelestiaApp/Info.plist;
				LD_RUNPATH_SEARCH_PATHS = (
					"$(inherited)",
					"@executable_path/../Frameworks",
				);
				LIBRARY_SEARCH_PATHS = "";
				MACOSX_DEPLOYMENT_TARGET = 10.10;
				OTHER_LDFLAGS = "-all_load";
				PRODUCT_BUNDLE_IDENTIFIER = cc.meowssage.celestia;
				PRODUCT_NAME = "$(TARGET_NAME)";
				PROVISIONING_PROFILE_SPECIFIER = "";
				SWIFT_OBJC_BRIDGING_HEADER = "${PROJECT_DIR}/CelestiaApp/Bridging-Header.h";
				SWIFT_VERSION = 5.0;
			};
			name = Debug;
		};
		97F2519C22FDB6E700067B06 /* Release */ = {
			isa = XCBuildConfiguration;
			buildSettings = {
				ASSETCATALOG_COMPILER_APPICON_NAME = AppIcon;
				CODE_SIGN_ENTITLEMENTS = Celestia.entitlements;
				CODE_SIGN_IDENTITY = "Mac Developer";
				CODE_SIGN_STYLE = Automatic;
				COMBINE_HIDPI_IMAGES = YES;
				DEVELOPMENT_TEAM = 22NR5428TD;
				ENABLE_HARDENED_RUNTIME = YES;
				HEADER_SEARCH_PATHS = "";
				INFOPLIST_FILE = CelestiaApp/Info.plist;
				LD_RUNPATH_SEARCH_PATHS = (
					"$(inherited)",
					"@executable_path/../Frameworks",
				);
				LIBRARY_SEARCH_PATHS = "";
				MACOSX_DEPLOYMENT_TARGET = 10.10;
				OTHER_LDFLAGS = "-all_load";
				PRODUCT_BUNDLE_IDENTIFIER = cc.meowssage.celestia;
				PRODUCT_NAME = "$(TARGET_NAME)";
				PROVISIONING_PROFILE_SPECIFIER = "";
				SWIFT_OBJC_BRIDGING_HEADER = "${PROJECT_DIR}/CelestiaApp/Bridging-Header.h";
				SWIFT_VERSION = 5.0;
			};
			name = Release;
		};
/* End XCBuildConfiguration section */

/* Begin XCConfigurationList section */
		97F2518522FDB6E000067B06 /* Build configuration list for PBXProject "CelestiaApp" */ = {
			isa = XCConfigurationList;
			buildConfigurations = (
				97F2519822FDB6E700067B06 /* Debug */,
				97F2519922FDB6E700067B06 /* Release */,
			);
			defaultConfigurationIsVisible = 0;
			defaultConfigurationName = Release;
		};
		97F2519A22FDB6E700067B06 /* Build configuration list for PBXNativeTarget "Celestia" */ = {
			isa = XCConfigurationList;
			buildConfigurations = (
				97F2519B22FDB6E700067B06 /* Debug */,
				97F2519C22FDB6E700067B06 /* Release */,
			);
			defaultConfigurationIsVisible = 0;
			defaultConfigurationName = Release;
		};
/* End XCConfigurationList section */
	};
	rootObject = 97F2518222FDB6E000067B06 /* Project object */;
}
