{
  "object": {
    "pins": [
      {
        "package": "App Center",
        "repositoryURL": "https://github.com/microsoft/appcenter-sdk-apple.git",
        "state": {
          "branch": null,
          "revision": "79d99eaff599d1b38adf81884fe220c75fd38867",
          "version": "4.0.0"
        }
      },
      {
        "package": "MWRequest",
        "repositoryURL": "https://github.com/levinli303/mwrequest.git",
        "state": {
          "branch": null,
          "revision": "96e5f2c037d60709f877be8506d2d6c101e58f13",
          "version": "0.2.3"
        }
      },
      {
        "package": "PLCrashReporter",
        "repositoryURL": "https://github.com/microsoft/plcrashreporter.git",
        "state": {
          "branch": null,
          "revision": "de6b8f9db4b2a0aa859a5507550a70548e4da936",
          "version": "1.8.1"
        }
      }
    ]
  },
  "version": 1
}
