{
  "object": {
    "pins": [
      {
        "package": "AppCenter",
        "repositoryURL": "https://github.com/microsoft/appcenter-sdk-apple.git",
        "state": {
          "branch": null,
          "revision": "484dead179e6d7edd534d0d7defdf65c14a5b426",
          "version": "4.1.0"
        }
      },
      {
        "package": "AsyncGL",
        "repositoryURL": "git@github.com:levinli303/AsyncGL.git",
        "state": {
          "branch": "main",
          "revision": "9887b0bc3f37ff47c0547154f630537f1990d17d",
          "version": null
        }
      },
      {
        "package": "MWRequest",
        "repositoryURL": "https://github.com/levinli303/mwrequest.git",
        "state": {
          "branch": null,
          "revision": "3963c7870d7fe1448de4a244d116e4eb332fdf0e",
          "version": "0.2.3"
        }
      },
      {
        "package": "PLCrashReporter",
        "repositoryURL": "https://github.com/microsoft/PLCrashReporter.git",
        "state": {
          "branch": null,
          "revision": "de6b8f9db4b2a0aa859a5507550a70548e4da936",
          "version": "1.8.1"
        }
      }
    ]
  },
  "version": 1
}
